
Microsoft Visual Studio Solution File, Format Version 12.00
# Visual Studio 15
VisualStudioVersion = 15.0.26730.16
MinimumVisualStudioVersion = 10.0.40219.1
Project("{FAE04EC0-301F-11D3-BF4B-00C04F79EFBC}") = "SchoolBookApplication.Domain", "SchoolBookApplication.Domain\SchoolBookApplication.Domain.csproj", "{6369D9D5-E393-4186-ABEE-81F707C1266D}"
EndProject
Project("{FAE04EC0-301F-11D3-BF4B-00C04F79EFBC}") = "SchoolBookApplication.Data", "SchoolBookApplication.Data\SchoolBookApplication.Data.csproj", "{6DC9E6E6-5CDB-478C-B386-3903CD5A7A29}"
EndProject
Project("{FAE04EC0-301F-11D3-BF4B-00C04F79EFBC}") = "SchoolBookApplication.Web", "SchoolBookApplication.Web\SchoolBookApplication.Web.csproj", "{3648DA44-C00A-494E-8404-A5AA4356F041}"
EndProject
Global
	GlobalSection(SolutionConfigurationPlatforms) = preSolution
		Debug|Any CPU = Debug|Any CPU
		Release|Any CPU = Release|Any CPU
	EndGlobalSection
	GlobalSection(ProjectConfigurationPlatforms) = postSolution
		{6369D9D5-E393-4186-ABEE-81F707C1266D}.Debug|Any CPU.ActiveCfg = Debug|Any CPU
		{6369D9D5-E393-4186-ABEE-81F707C1266D}.Debug|Any CPU.Build.0 = Debug|Any CPU
		{6369D9D5-E393-4186-ABEE-81F707C1266D}.Release|Any CPU.ActiveCfg = Release|Any CPU
		{6369D9D5-E393-4186-ABEE-81F707C1266D}.Release|Any CPU.Build.0 = Release|Any CPU
		{6DC9E6E6-5CDB-478C-B386-3903CD5A7A29}.Debug|Any CPU.ActiveCfg = Debug|Any CPU
		{6DC9E6E6-5CDB-478C-B386-3903CD5A7A29}.Debug|Any CPU.Build.0 = Debug|Any CPU
		{6DC9E6E6-5CDB-478C-B386-3903CD5A7A29}.Release|Any CPU.ActiveCfg = Release|Any CPU
		{6DC9E6E6-5CDB-478C-B386-3903CD5A7A29}.Release|Any CPU.Build.0 = Release|Any CPU
		{3648DA44-C00A-494E-8404-A5AA4356F041}.Debug|Any CPU.ActiveCfg = Debug|Any CPU
		{3648DA44-C00A-494E-8404-A5AA4356F041}.Debug|Any CPU.Build.0 = Debug|Any CPU
		{3648DA44-C00A-494E-8404-A5AA4356F041}.Release|Any CPU.ActiveCfg = Release|Any CPU
		{3648DA44-C00A-494E-8404-A5AA4356F041}.Release|Any CPU.Build.0 = Release|Any CPU
	EndGlobalSection
	GlobalSection(SolutionProperties) = preSolution
		HideSolutionNode = FALSE
	EndGlobalSection
	GlobalSection(ExtensibilityGlobals) = postSolution
		SolutionGuid = {6530C778-B65D-4F35-A839-60A1605383DA}
	EndGlobalSection
EndGlobal
